Microsoft Visual Studio Solution File, Format Version 11.00
# Visual Studio 2008

Project("{35718367-5FBE-79F5-8668-CDA511CD77E0}") = "2D_Platerformer", "Assembly-CSharp.csproj", "{58B0385B-11CD-68F0-C107-957BD227BF03}"
EndProject
Global
	GlobalSection(SolutionConfigurationPlatforms) = preSolution
		Debug|Any CPU = Debug|Any CPU
		Release|Any CPU = Release|Any CPU
	EndGlobalSection
	GlobalSection(ProjectConfigurationPlatforms) = postSolution
		{58B0385B-11CD-68F0-C107-957BD227BF03}.Debug|Any CPU.ActiveCfg = Debug|Any CPU
		{58B0385B-11CD-68F0-C107-957BD227BF03}.Debug|Any CPU.Build.0 = Debug|Any CPU
		{58B0385B-11CD-68F0-C107-957BD227BF03}.Release|Any CPU.ActiveCfg = Release|Any CPU
		{58B0385B-11CD-68F0-C107-957BD227BF03}.Release|Any CPU.Build.0 = Release|Any CPU
	EndGlobalSection
	GlobalSection(SolutionProperties) = preSolution
		HideSolutionNode = FALSE
	EndGlobalSection
	GlobalSection(MonoDevelopProperties) = preSolution
		StartupItem = Assembly-CSharp.csproj
	EndGlobalSection
EndGlobal
